
Microsoft Visual Studio Solution File, Format Version 12.00
# Visual Studio Version 16
VisualStudioVersion = 16.0.29411.108
MinimumVisualStudioVersion = 10.0.40219.1
Project("{FAE04EC0-301F-11D3-BF4B-00C04F79EFBC}") = "SinacTabelas.Web.Contestacao", "SinacTabelas.Web.Contestacao\SinacTabelas.Web.Contestacao.csproj", "{FE68CB87-37CD-4EA1-B6D9-52FBB0B17278}"
EndProject
Global
	GlobalSection(SolutionConfigurationPlatforms) = preSolution
		Debug|Any CPU = Debug|Any CPU
		Release|Any CPU = Release|Any CPU
	EndGlobalSection
	GlobalSection(ProjectConfigurationPlatforms) = postSolution
		{FE68CB87-37CD-4EA1-B6D9-52FBB0B17278}.Debug|Any CPU.ActiveCfg = Debug|Any CPU
		{FE68CB87-37CD-4EA1-B6D9-52FBB0B17278}.Debug|Any CPU.Build.0 = Debug|Any CPU
		{FE68CB87-37CD-4EA1-B6D9-52FBB0B17278}.Release|Any CPU.ActiveCfg = Release|Any CPU
		{FE68CB87-37CD-4EA1-B6D9-52FBB0B17278}.Release|Any CPU.Build.0 = Release|Any CPU
	EndGlobalSection
	GlobalSection(SolutionProperties) = preSolution
		HideSolutionNode = FALSE
	EndGlobalSection
	GlobalSection(ExtensibilityGlobals) = postSolution
		SolutionGuid = {511CDD61-E567-46A8-ADB1-5E04B9A995B3}
	EndGlobalSection
EndGlobal
